
Microsoft Visual Studio Solution File, Format Version 12.00
# Visual Studio 15
Project("{D954291E-2A0B-460D-934E-DC6B0785DB48}") = "TinyXamarinFirebase.Forms.Shared", "TinyXamarinFirebase.Forms.Shared\TinyXamarinFirebase.Forms.Shared.shproj", "{949EC34E-2487-4FED-A926-E5E836C7AE22}"
EndProject
Project("{FAE04EC0-301F-11D3-BF4B-00C04F79EFBC}") = "TinyXamarinFirebase.Forms.iOS", "TinyXamarinFirebase.Forms.iOS\TinyXamarinFirebase.Forms.iOS.csproj", "{12D7432E-D280-4EEF-AED6-09135D6985CB}"
EndProject
Project("{FAE04EC0-301F-11D3-BF4B-00C04F79EFBC}") = "TinyXamarinFirebase.Forms.Android", "TinyXamarinFirebase.Forms.Android\TinyXamarinFirebase.Forms.Android.csproj", "{6572AABD-9574-4B15-997B-425BF5A9B0FE}"
EndProject
Project("{5DD5E4FA-CB73-4610-85AB-557B54E96AA9}") = "TinyXamarinFirebase.Forms.NuGet", "TinyXamarinFirebase.Forms.NuGet\TinyXamarinFirebase.Forms.NuGet.nuproj", "{C0517121-CB66-48E8-98A2-8725BA4E92AA}"
EndProject
Project("{FAE04EC0-301F-11D3-BF4B-00C04F79EFBC}") = "TinyXamarinFirebase.Forms.Abstractions", "TinyXamarinFirebase.Forms.Abstractions\TinyXamarinFirebase.Forms.Abstractions.csproj", "{A5169636-0870-4368-A889-B75B9507B77F}"
EndProject
Global
	GlobalSection(SolutionConfigurationPlatforms) = preSolution
		Debug|Any CPU = Debug|Any CPU
		Release|Any CPU = Release|Any CPU
	EndGlobalSection
	GlobalSection(ProjectConfigurationPlatforms) = postSolution
		{12D7432E-D280-4EEF-AED6-09135D6985CB}.Debug|Any CPU.ActiveCfg = Debug|Any CPU
		{12D7432E-D280-4EEF-AED6-09135D6985CB}.Debug|Any CPU.Build.0 = Debug|Any CPU
		{12D7432E-D280-4EEF-AED6-09135D6985CB}.Release|Any CPU.ActiveCfg = Release|Any CPU
		{12D7432E-D280-4EEF-AED6-09135D6985CB}.Release|Any CPU.Build.0 = Release|Any CPU
		{6572AABD-9574-4B15-997B-425BF5A9B0FE}.Debug|Any CPU.ActiveCfg = Debug|Any CPU
		{6572AABD-9574-4B15-997B-425BF5A9B0FE}.Debug|Any CPU.Build.0 = Debug|Any CPU
		{6572AABD-9574-4B15-997B-425BF5A9B0FE}.Release|Any CPU.ActiveCfg = Release|Any CPU
		{6572AABD-9574-4B15-997B-425BF5A9B0FE}.Release|Any CPU.Build.0 = Release|Any CPU
		{C0517121-CB66-48E8-98A2-8725BA4E92AA}.Debug|Any CPU.ActiveCfg = Debug|Any CPU
		{C0517121-CB66-48E8-98A2-8725BA4E92AA}.Debug|Any CPU.Build.0 = Debug|Any CPU
		{C0517121-CB66-48E8-98A2-8725BA4E92AA}.Release|Any CPU.ActiveCfg = Release|Any CPU
		{C0517121-CB66-48E8-98A2-8725BA4E92AA}.Release|Any CPU.Build.0 = Release|Any CPU
		{A5169636-0870-4368-A889-B75B9507B77F}.Debug|Any CPU.ActiveCfg = Debug|Any CPU
		{A5169636-0870-4368-A889-B75B9507B77F}.Debug|Any CPU.Build.0 = Debug|Any CPU
		{A5169636-0870-4368-A889-B75B9507B77F}.Release|Any CPU.ActiveCfg = Release|Any CPU
		{A5169636-0870-4368-A889-B75B9507B77F}.Release|Any CPU.Build.0 = Release|Any CPU
	EndGlobalSection
EndGlobal
